// !$*UTF8*$!
{
	archiveVersion = 1;
	classes = {
	};
	objectVersion = 56;
	objects = {

/* Begin PBXBuildFile section */
		5D85CFEF2C74DC7F000D37CC /* Easy_MultisigApp.swift in Sources */ = {isa = PBXBuildFile; fileRef = 5D85CFEE2C74DC7F000D37CC /* Easy_MultisigApp.swift */; };
		5D85CFF12C74DC7F000D37CC /* ContentView.swift in Sources */ = {isa = PBXBuildFile; fileRef = 5D85CFF02C74DC7F000D37CC /* ContentView.swift */; };
		5D85CFF32C74DC80000D37CC /* Assets.xcassets in Resources */ = {isa = PBXBuildFile; fileRef = 5D85CFF22C74DC80000D37CC /* Assets.xcassets */; };
		5D85CFF62C74DC80000D37CC /* Preview Assets.xcassets in Resources */ = {isa = PBXBuildFile; fileRef = 5D85CFF52C74DC80000D37CC /* Preview Assets.xcassets */; };
		5DA5EFAA2C78EE370077B48B /* Setup.swift in Sources */ = {isa = PBXBuildFile; fileRef = 5DA5EFA92C78EE370077B48B /* Setup.swift */; };
		5DA5EFAC2C78F04D0077B48B /* Deposit.swift in Sources */ = {isa = PBXBuildFile; fileRef = 5DA5EFAB2C78F04D0077B48B /* Deposit.swift */; };
		5DA5EFAE2C78F0DF0077B48B /* Withdraw.swift in Sources */ = {isa = PBXBuildFile; fileRef = 5DA5EFAD2C78F0DF0077B48B /* Withdraw.swift */; };
		5DA5EFB02C78F5B50077B48B /* Export.swift in Sources */ = {isa = PBXBuildFile; fileRef = 5DA5EFAF2C78F5B50077B48B /* Export.swift */; };
		5DA5EFB52C78F91C0077B48B /* SetupCreate.swift in Sources */ = {isa = PBXBuildFile; fileRef = 5DA5EFB42C78F91C0077B48B /* SetupCreate.swift */; };
		5DA5EFB72C78F93A0077B48B /* SetupJoin.swift in Sources */ = {isa = PBXBuildFile; fileRef = 5DA5EFB62C78F93A0077B48B /* SetupJoin.swift */; };
/* End PBXBuildFile section */

/* Begin PBXFileReference section */
		5D85CFEB2C74DC7F000D37CC /* Easy Multisig.app */ = {isa = PBXFileReference; explicitFileType = wrapper.application; includeInIndex = 0; path = "Easy Multisig.app"; sourceTree = BUILT_PRODUCTS_DIR; };
		5D85CFEE2C74DC7F000D37CC /* Easy_MultisigApp.swift */ = {isa = PBXFileReference; lastKnownFileType = sourcecode.swift; path = Easy_MultisigApp.swift; sourceTree = "<group>"; };
		5D85CFF02C74DC7F000D37CC /* ContentView.swift */ = {isa = PBXFileReference; lastKnownFileType = sourcecode.swift; path = ContentView.swift; sourceTree = "<group>"; };
		5D85CFF22C74DC80000D37CC /* Assets.xcassets */ = {isa = PBXFileReference; lastKnownFileType = folder.assetcatalog; path = Assets.xcassets; sourceTree = "<group>"; };
		5D85CFF52C74DC80000D37CC /* Preview Assets.xcassets */ = {isa = PBXFileReference; lastKnownFileType = folder.assetcatalog; path = "Preview Assets.xcassets"; sourceTree = "<group>"; };
		5DA5EFA92C78EE370077B48B /* Setup.swift */ = {isa = PBXFileReference; lastKnownFileType = sourcecode.swift; path = Setup.swift; sourceTree = "<group>"; };
		5DA5EFAB2C78F04D0077B48B /* Deposit.swift */ = {isa = PBXFileReference; lastKnownFileType = sourcecode.swift; path = Deposit.swift; sourceTree = "<group>"; };
		5DA5EFAD2C78F0DF0077B48B /* Withdraw.swift */ = {isa = PBXFileReference; lastKnownFileType = sourcecode.swift; path = Withdraw.swift; sourceTree = "<group>"; };
		5DA5EFAF2C78F5B50077B48B /* Export.swift */ = {isa = PBXFileReference; lastKnownFileType = sourcecode.swift; path = Export.swift; sourceTree = "<group>"; };
		5DA5EFB42C78F91C0077B48B /* SetupCreate.swift */ = {isa = PBXFileReference; lastKnownFileType = sourcecode.swift; path = SetupCreate.swift; sourceTree = "<group>"; };
		5DA5EFB62C78F93A0077B48B /* SetupJoin.swift */ = {isa = PBXFileReference; lastKnownFileType = sourcecode.swift; path = SetupJoin.swift; sourceTree = "<group>"; };
/* End PBXFileReference section */

/* Begin PBXFrameworksBuildPhase section */
		5D85CFE82C74DC7F000D37CC /* Frameworks */ = {
			isa = PBXFrameworksBuildPhase;
			buildActionMask = 2147483647;
			files = (
			);
			runOnlyForDeploymentPostprocessing = 0;
		};
/* End PBXFrameworksBuildPhase section */

/* Begin PBXGroup section */
		5D85CFE22C74DC7F000D37CC = {
			isa = PBXGroup;
			children = (
				5D85CFED2C74DC7F000D37CC /* Easy Multisig */,
				5D85CFEC2C74DC7F000D37CC /* Products */,
			);
			sourceTree = "<group>";
		};
		5D85CFEC2C74DC7F000D37CC /* Products */ = {
			isa = PBXGroup;
			children = (
				5D85CFEB2C74DC7F000D37CC /* Easy Multisig.app */,
			);
			name = Products;
			sourceTree = "<group>";
		};
		5D85CFED2C74DC7F000D37CC /* Easy Multisig */ = {
			isa = PBXGroup;
			children = (
				5D85CFEE2C74DC7F000D37CC /* Easy_MultisigApp.swift */,
				5D85CFF02C74DC7F000D37CC /* ContentView.swift */,
				5DA5EFB32C78F7EE0077B48B /* Setup */,
				5DA5EFAB2C78F04D0077B48B /* Deposit.swift */,
				5DA5EFAD2C78F0DF0077B48B /* Withdraw.swift */,
				5DA5EFAF2C78F5B50077B48B /* Export.swift */,
				5D85CFF22C74DC80000D37CC /* Assets.xcassets */,
				5D85CFF42C74DC80000D37CC /* Preview Content */,
			);
			path = "Easy Multisig";
			sourceTree = "<group>";
		};
		5D85CFF42C74DC80000D37CC /* Preview Content */ = {
			isa = PBXGroup;
			children = (
				5D85CFF52C74DC80000D37CC /* Preview Assets.xcassets */,
			);
			path = "Preview Content";
			sourceTree = "<group>";
		};
		5DA5EFB32C78F7EE0077B48B /* Setup */ = {
			isa = PBXGroup;
			children = (
				5DA5EFA92C78EE370077B48B /* Setup.swift */,
				5DA5EFB42C78F91C0077B48B /* SetupCreate.swift */,
				5DA5EFB62C78F93A0077B48B /* SetupJoin.swift */,
			);
			path = Setup;
			sourceTree = "<group>";
		};
/* End PBXGroup section */

/* Begin PBXNativeTarget section */
		5D85CFEA2C74DC7F000D37CC /* Easy Multisig */ = {
			isa = PBXNativeTarget;
			buildConfigurationList = 5D85CFF92C74DC80000D37CC /* Build configuration list for PBXNativeTarget "Easy Multisig" */;
			buildPhases = (
				5D85CFE72C74DC7F000D37CC /* Sources */,
				5D85CFE82C74DC7F000D37CC /* Frameworks */,
				5D85CFE92C74DC7F000D37CC /* Resources */,
			);
			buildRules = (
			);
			dependencies = (
			);
			name = "Easy Multisig";
			productName = "Easy Multisig";
			productReference = 5D85CFEB2C74DC7F000D37CC /* Easy Multisig.app */;
			productType = "com.apple.product-type.application";
		};
/* End PBXNativeTarget section */

/* Begin PBXProject section */
		5D85CFE32C74DC7F000D37CC /* Project object */ = {
			isa = PBXProject;
			attributes = {
				BuildIndependentTargetsInParallel = 1;
				LastSwiftUpdateCheck = 1540;
				LastUpgradeCheck = 1540;
				TargetAttributes = {
					5D85CFEA2C74DC7F000D37CC = {
						CreatedOnToolsVersion = 15.4;
					};
				};
			};
			buildConfigurationList = 5D85CFE62C74DC7F000D37CC /* Build configuration list for PBXProject "Easy Multisig" */;
			compatibilityVersion = "Xcode 14.0";
			developmentRegion = en;
			hasScannedForEncodings = 0;
			knownRegions = (
				en,
				Base,
			);
			mainGroup = 5D85CFE22C74DC7F000D37CC;
			productRefGroup = 5D85CFEC2C74DC7F000D37CC /* Products */;
			projectDirPath = "";
			projectRoot = "";
			targets = (
				5D85CFEA2C74DC7F000D37CC /* Easy Multisig */,
			);
		};
/* End PBXProject section */

/* Begin PBXResourcesBuildPhase section */
		5D85CFE92C74DC7F000D37CC /* Resources */ = {
			isa = PBXResourcesBuildPhase;
			buildActionMask = 2147483647;
			files = (
				5D85CFF62C74DC80000D37CC /* Preview Assets.xcassets in Resources */,
				5D85CFF32C74DC80000D37CC /* Assets.xcassets in Resources */,
			);
			runOnlyForDeploymentPostprocessing = 0;
		};
/* End PBXResourcesBuildPhase section */

/* Begin PBXSourcesBuildPhase section */
		5D85CFE72C74DC7F000D37CC /* Sources */ = {
			isa = PBXSourcesBuildPhase;
			buildActionMask = 2147483647;
			files = (
				5DA5EFAC2C78F04D0077B48B /* Deposit.swift in Sources */,
				5DA5EFB52C78F91C0077B48B /* SetupCreate.swift in Sources */,
				5DA5EFAE2C78F0DF0077B48B /* Withdraw.swift in Sources */,
				5D85CFF12C74DC7F000D37CC /* ContentView.swift in Sources */,
				5DA5EFAA2C78EE370077B48B /* Setup.swift in Sources */,
				5DA5EFB72C78F93A0077B48B /* SetupJoin.swift in Sources */,
				5D85CFEF2C74DC7F000D37CC /* Easy_MultisigApp.swift in Sources */,
				5DA5EFB02C78F5B50077B48B /* Export.swift in Sources */,
			);
			runOnlyForDeploymentPostprocessing = 0;
		};
/* End PBXSourcesBuildPhase section */

/* Begin XCBuildConfiguration section */
		5D85CFF72C74DC80000D37CC /* Debug */ = {
			isa = XCBuildConfiguration;
			buildSettings = {
				ALWAYS_SEARCH_USER_PATHS = NO;
				ASSETCATALOG_COMPILER_GENERATE_SWIFT_ASSET_SYMBOL_EXTENSIONS = YES;
				CLANG_ANALYZER_NONNULL = YES;
				CLANG_ANALYZER_NUMBER_OBJECT_CONVERSION = YES_AGGRESSIVE;
				CLANG_CXX_LANGUAGE_STANDARD = "gnu++20";
				CLANG_ENABLE_MODULES = YES;
				CLANG_ENABLE_OBJC_ARC = YES;
				CLANG_ENABLE_OBJC_WEAK = YES;
				CLANG_WARN_BLOCK_CAPTURE_AUTORELEASING = YES;
				CLANG_WARN_BOOL_CONVERSION = YES;
				CLANG_WARN_COMMA = YES;
				CLANG_WARN_CONSTANT_CONVERSION = YES;
				CLANG_WARN_DEPRECATED_OBJC_IMPLEMENTATIONS = YES;
				CLANG_WARN_DIRECT_OBJC_ISA_USAGE = YES_ERROR;
				CLANG_WARN_DOCUMENTATION_COMMENTS = YES;
				CLANG_WARN_EMPTY_BODY = YES;
				CLANG_WARN_ENUM_CONVERSION = YES;
				CLANG_WARN_INFINITE_RECURSION = YES;
				CLANG_WARN_INT_CONVERSION = YES;
				CLANG_WARN_NON_LITERAL_NULL_CONVERSION = YES;
				CLANG_WARN_OBJC_IMPLICIT_RETAIN_SELF = YES;
				CLANG_WARN_OBJC_LITERAL_CONVERSION = YES;
				CLANG_WARN_OBJC_ROOT_CLASS = YES_ERROR;
				CLANG_WARN_QUOTED_INCLUDE_IN_FRAMEWORK_HEADER = YES;
				CLANG_WARN_RANGE_LOOP_ANALYSIS = YES;
				CLANG_WARN_STRICT_PROTOTYPES = YES;
				CLANG_WARN_SUSPICIOUS_MOVE = YES;
				CLANG_WARN_UNGUARDED_AVAILABILITY = YES_AGGRESSIVE;
				CLANG_WARN_UNREACHABLE_CODE = YES;
				CLANG_WARN__DUPLICATE_METHOD_MATCH = YES;
				COPY_PHASE_STRIP = NO;
				DEBUG_INFORMATION_FORMAT = dwarf;
				ENABLE_STRICT_OBJC_MSGSEND = YES;
				ENABLE_TESTABILITY = YES;
				ENABLE_USER_SCRIPT_SANDBOXING = YES;
				GCC_C_LANGUAGE_STANDARD = gnu17;
				GCC_DYNAMIC_NO_PIC = NO;
				GCC_NO_COMMON_BLOCKS = YES;
				GCC_OPTIMIZATION_LEVEL = 0;
				GCC_PREPROCESSOR_DEFINITIONS = (
					"DEBUG=1",
					"$(inherited)",
				);
				GCC_WARN_64_TO_32_BIT_CONVERSION = YES;
				GCC_WARN_ABOUT_RETURN_TYPE = YES_ERROR;
				GCC_WARN_UNDECLARED_SELECTOR = YES;
				GCC_WARN_UNINITIALIZED_AUTOS = YES_AGGRESSIVE;
				GCC_WARN_UNUSED_FUNCTION = YES;
				GCC_WARN_UNUSED_VARIABLE = YES;
				IPHONEOS_DEPLOYMENT_TARGET = 17.5;
				LOCALIZATION_PREFERS_STRING_CATALOGS = YES;
				MTL_ENABLE_DEBUG_INFO = INCLUDE_SOURCE;
				MTL_FAST_MATH = YES;
				ONLY_ACTIVE_ARCH = YES;
				SDKROOT = iphoneos;
				SWIFT_ACTIVE_COMPILATION_CONDITIONS = "DEBUG $(inherited)";
				SWIFT_OPTIMIZATION_LEVEL = "-Onone";
			};
			name = Debug;
		};
		5D85CFF82C74DC80000D37CC /* Release */ = {
			isa = XCBuildConfiguration;
			buildSettings = {
				ALWAYS_SEARCH_USER_PATHS = NO;
				ASSETCATALOG_COMPILER_GENERATE_SWIFT_ASSET_SYMBOL_EXTENSIONS = YES;
				CLANG_ANALYZER_NONNULL = YES;
				CLANG_ANALYZER_NUMBER_OBJECT_CONVERSION = YES_AGGRESSIVE;
				CLANG_CXX_LANGUAGE_STANDARD = "gnu++20";
				CLANG_ENABLE_MODULES = YES;
				CLANG_ENABLE_OBJC_ARC = YES;
				CLANG_ENABLE_OBJC_WEAK = YES;
				CLANG_WARN_BLOCK_CAPTURE_AUTORELEASING = YES;
				CLANG_WARN_BOOL_CONVERSION = YES;
				CLANG_WARN_COMMA = YES;
				CLANG_WARN_CONSTANT_CONVERSION = YES;
				CLANG_WARN_DEPRECATED_OBJC_IMPLEMENTATIONS = YES;
				CLANG_WARN_DIRECT_OBJC_ISA_USAGE = YES_ERROR;
				CLANG_WARN_DOCUMENTATION_COMMENTS = YES;
				CLANG_WARN_EMPTY_BODY = YES;
				CLANG_WARN_ENUM_CONVERSION = YES;
				CLANG_WARN_INFINITE_RECURSION = YES;
				CLANG_WARN_INT_CONVERSION = YES;
				CLANG_WARN_NON_LITERAL_NULL_CONVERSION = YES;
				CLANG_WARN_OBJC_IMPLICIT_RETAIN_SELF = YES;
				CLANG_WARN_OBJC_LITERAL_CONVERSION = YES;
				CLANG_WARN_OBJC_ROOT_CLASS = YES_ERROR;
				CLANG_WARN_QUOTED_INCLUDE_IN_FRAMEWORK_HEADER = YES;
				CLANG_WARN_RANGE_LOOP_ANALYSIS = YES;
				CLANG_WARN_STRICT_PROTOTYPES = YES;
				CLANG_WARN_SUSPICIOUS_MOVE = YES;
				CLANG_WARN_UNGUARDED_AVAILABILITY = YES_AGGRESSIVE;
				CLANG_WARN_UNREACHABLE_CODE = YES;
				CLANG_WARN__DUPLICATE_METHOD_MATCH = YES;
				COPY_PHASE_STRIP = NO;
				DEBUG_INFORMATION_FORMAT = "dwarf-with-dsym";
				ENABLE_NS_ASSERTIONS = NO;
				ENABLE_STRICT_OBJC_MSGSEND = YES;
				ENABLE_USER_SCRIPT_SANDBOXING = YES;
				GCC_C_LANGUAGE_STANDARD = gnu17;
				GCC_NO_COMMON_BLOCKS = YES;
				GCC_WARN_64_TO_32_BIT_CONVERSION = YES;
				GCC_WARN_ABOUT_RETURN_TYPE = YES_ERROR;
				GCC_WARN_UNDECLARED_SELECTOR = YES;
				GCC_WARN_UNINITIALIZED_AUTOS = YES_AGGRESSIVE;
				GCC_WARN_UNUSED_FUNCTION = YES;
				GCC_WARN_UNUSED_VARIABLE = YES;
				IPHONEOS_DEPLOYMENT_TARGET = 17.5;
				LOCALIZATION_PREFERS_STRING_CATALOGS = YES;
				MTL_ENABLE_DEBUG_INFO = NO;
				MTL_FAST_MATH = YES;
				SDKROOT = iphoneos;
				SWIFT_COMPILATION_MODE = wholemodule;
				VALIDATE_PRODUCT = YES;
			};
			name = Release;
		};
		5D85CFFA2C74DC80000D37CC /* Debug */ = {
			isa = XCBuildConfiguration;
			buildSettings = {
				ASSETCATALOG_COMPILER_APPICON_NAME = AppIcon;
				ASSETCATALOG_COMPILER_GLOBAL_ACCENT_COLOR_NAME = AccentColor;
				CODE_SIGN_STYLE = Automatic;
				CURRENT_PROJECT_VERSION = 1;
				DEVELOPMENT_ASSET_PATHS = "\"Easy Multisig/Preview Content\"";
				ENABLE_PREVIEWS = YES;
				GENERATE_INFOPLIST_FILE = YES;
				INFOPLIST_KEY_UIApplicationSceneManifest_Generation = YES;
				INFOPLIST_KEY_UIApplicationSupportsIndirectInputEvents = YES;
				INFOPLIST_KEY_UILaunchScreen_Generation = YES;
				INFOPLIST_KEY_UISupportedInterfaceOrientations_iPad = "UIInterfaceOrientationPortrait UIInterfaceOrientationPortraitUpsideDown UIInterfaceOrientationLandscapeLeft UIInterfaceOrientationLandscapeRight";
				INFOPLIST_KEY_UISupportedInterfaceOrientations_iPhone = "UIInterfaceOrientationPortrait UIInterfaceOrientationLandscapeLeft UIInterfaceOrientationLandscapeRight";
				LD_RUNPATH_SEARCH_PATHS = (
					"$(inherited)",
					"@executable_path/Frameworks",
				);
				MARKETING_VERSION = 1.0;
				PRODUCT_BUNDLE_IDENTIFIER = "com.abhishandy.Easy-Multisig";
				PRODUCT_NAME = "$(TARGET_NAME)";
				SWIFT_EMIT_LOC_STRINGS = YES;
				SWIFT_VERSION = 5.0;
				TARGETED_DEVICE_FAMILY = "1,2";
			};
			name = Debug;
		};
		5D85CFFB2C74DC80000D37CC /* Release */ = {
			isa = XCBuildConfiguration;
			buildSettings = {
				ASSETCATALOG_COMPILER_APPICON_NAME = AppIcon;
				ASSETCATALOG_COMPILER_GLOBAL_ACCENT_COLOR_NAME = AccentColor;
				CODE_SIGN_STYLE = Automatic;
				CURRENT_PROJECT_VERSION = 1;
				DEVELOPMENT_ASSET_PATHS = "\"Easy Multisig/Preview Content\"";
				ENABLE_PREVIEWS = YES;
				GENERATE_INFOPLIST_FILE = YES;
				INFOPLIST_KEY_UIApplicationSceneManifest_Generation = YES;
				INFOPLIST_KEY_UIApplicationSupportsIndirectInputEvents = YES;
				INFOPLIST_KEY_UILaunchScreen_Generation = YES;
				INFOPLIST_KEY_UISupportedInterfaceOrientations_iPad = "UIInterfaceOrientationPortrait UIInterfaceOrientationPortraitUpsideDown UIInterfaceOrientationLandscapeLeft UIInterfaceOrientationLandscapeRight";
				INFOPLIST_KEY_UISupportedInterfaceOrientations_iPhone = "UIInterfaceOrientationPortrait UIInterfaceOrientationLandscapeLeft UIInterfaceOrientationLandscapeRight";
				LD_RUNPATH_SEARCH_PATHS = (
					"$(inherited)",
					"@executable_path/Frameworks",
				);
				MARKETING_VERSION = 1.0;
				PRODUCT_BUNDLE_IDENTIFIER = "com.abhishandy.Easy-Multisig";
				PRODUCT_NAME = "$(TARGET_NAME)";
				SWIFT_EMIT_LOC_STRINGS = YES;
				SWIFT_VERSION = 5.0;
				TARGETED_DEVICE_FAMILY = "1,2";
			};
			name = Release;
		};
/* End XCBuildConfiguration section */

/* Begin XCConfigurationList section */
		5D85CFE62C74DC7F000D37CC /* Build configuration list for PBXProject "Easy Multisig" */ = {
			isa = XCConfigurationList;
			buildConfigurations = (
				5D85CFF72C74DC80000D37CC /* Debug */,
				5D85CFF82C74DC80000D37CC /* Release */,
			);
			defaultConfigurationIsVisible = 0;
			defaultConfigurationName = Release;
		};
		5D85CFF92C74DC80000D37CC /* Build configuration list for PBXNativeTarget "Easy Multisig" */ = {
			isa = XCConfigurationList;
			buildConfigurations = (
				5D85CFFA2C74DC80000D37CC /* Debug */,
				5D85CFFB2C74DC80000D37CC /* Release */,
			);
			defaultConfigurationIsVisible = 0;
			defaultConfigurationName = Release;
		};
/* End XCConfigurationList section */
	};
	rootObject = 5D85CFE32C74DC7F000D37CC /* Project object */;
}
